
Microsoft Visual Studio Solution File, Format Version 12.00
# Visual Studio Version 17
VisualStudioVersion = 17.5.33530.505
MinimumVisualStudioVersion = 10.0.40219.1
Project("{FAE04EC0-301F-11D3-BF4B-00C04F79EFBC}") = "SamTestApp", "SamTestApp.csproj", "{0C232131-AED0-42BB-949D-DEB7C862D79D}"
EndProject
Global
	GlobalSection(SolutionConfigurationPlatforms) = preSolution
		Debug|Any CPU = Debug|Any CPU
		Release|Any CPU = Release|Any CPU
	EndGlobalSection
	GlobalSection(ProjectConfigurationPlatforms) = postSolution
		{0C232131-AED0-42BB-949D-DEB7C862D79D}.Debug|Any CPU.ActiveCfg = Debug|Any CPU
		{0C232131-AED0-42BB-949D-DEB7C862D79D}.Debug|Any CPU.Build.0 = Debug|Any CPU
		{0C232131-AED0-42BB-949D-DEB7C862D79D}.Release|Any CPU.ActiveCfg = Release|Any CPU
		{0C232131-AED0-42BB-949D-DEB7C862D79D}.Release|Any CPU.Build.0 = Release|Any CPU
	EndGlobalSection
	GlobalSection(SolutionProperties) = preSolution
		HideSolutionNode = FALSE
	EndGlobalSection
	GlobalSection(ExtensibilityGlobals) = postSolution
		SolutionGuid = {EEB7D701-C78B-494E-A6FF-C928A6D5237C}
	EndGlobalSection
EndGlobal
